# THIS IS AN AUTOGENERATED FILE. DO NOT EDIT THIS FILE DIRECTLY.
# yarn lockfile v1


"@types/history@^4.7.2":
  version "4.7.2"
  resolved "https://registry.yarnpkg.com/@types/history/-/history-4.7.2.tgz#0e670ea254d559241b6eeb3894f8754991e73220"
  integrity sha512-ui3WwXmjTaY73fOQ3/m3nnajU/Orhi6cEu5rzX+BrAAJxa3eITXZ5ch9suPqtM03OWhAHhPSyBGCN4UKoxO20Q==

jsdk@^0.0.14-Alpha:
  version "0.0.14-Alpha"
  resolved "https://registry.yarnpkg.com/jsdk/-/jsdk-0.0.14-Alpha.tgz#c9a08b417fb28b3dbc285cf951e0f5eac93c448a"
  integrity sha512-1zQBS0BcJuQVNvh2kygY+tjEiBi6nekXVWJ0Fb+Cjur61vuUXw+/RojKucjMgxFg1GBN6L7sXwe67xuo2pri6g==

mobx@^5.13.0:
  version "5.13.0"
  resolved "https://registry.yarnpkg.com/mobx/-/mobx-5.13.0.tgz#0fd68f10aa5ff2d146a4ed9e145b53337cfbca59"
  integrity sha512-eSAntMSMNj0PFL705rgv+aB/z1RjNqDnFEpBe18yQVreXTWiVgIrmBUXzjnJfuba+eo4eAk6zi+/gXQkSUea8A==

typescript@^3.5.3:
  version "3.5.3"
  resolved "https://registry.yarnpkg.com/typescript/-/typescript-3.5.3.tgz#c830f657f93f1ea846819e929092f5fe5983e977"
  integrity sha512-ACzBtm/PhXBDId6a6sDJfroT2pOWt/oOnk4/dElG5G33ZL776N3Y6/6bKZJBFpd+b05F3Ct9qDjMeJmRWtE2/g==
