# THIS IS AN AUTOGENERATED FILE. DO NOT EDIT THIS FILE DIRECTLY.
# yarn lockfile v1


"@types/history@^4.7.8":
  version "4.7.8"
  resolved "https://registry.yarnpkg.com/@types/history/-/history-4.7.8.tgz#49348387983075705fe8f4e02fb67f7daaec4934"
  integrity sha512-S78QIYirQcUoo6UJZx9CSP0O2ix9IaeAXwQi26Rhr/+mg7qqPy8TzaxHSUut7eGjL8WmLccT7/MXf304WjqHcA==

jsdk@^0.0.14-Alpha:
  version "0.0.14-Alpha"
  resolved "https://registry.yarnpkg.com/jsdk/-/jsdk-0.0.14-Alpha.tgz#c9a08b417fb28b3dbc285cf951e0f5eac93c448a"
  integrity sha512-1zQBS0BcJuQVNvh2kygY+tjEiBi6nekXVWJ0Fb+Cjur61vuUXw+/RojKucjMgxFg1GBN6L7sXwe67xuo2pri6g==

mobx@^6.0.1:
  version "6.0.1"
  resolved "https://registry.yarnpkg.com/mobx/-/mobx-6.0.1.tgz#ec23520848527bf7834d7b4c0b54b2a8eb6e7c14"
  integrity sha512-Pk6uJXZ34yqd661yRmS6z/9avm4FOGXpFpVjnEfiYYOsZXnAxv1fpYjxTCEZ9tuwk0Xe1qnUUlgm+rJtGe0YJA==

typescript@^4.0.3:
  version "4.0.3"
  resolved "https://registry.yarnpkg.com/typescript/-/typescript-4.0.3.tgz#153bbd468ef07725c1df9c77e8b453f8d36abba5"
  integrity sha512-tEu6DGxGgRJPb/mVPIZ48e69xCn2yRmCgYmDugAVwmJ6o+0u1RI18eO7E7WBTLYLaEVVOhwQmcdhQHweux/WPg==
