# THIS IS AN AUTOGENERATED FILE. DO NOT EDIT THIS FILE DIRECTLY.
# yarn lockfile v1


"@types/history@^4.7.8":
  version "4.7.8"
  resolved "https://registry.yarnpkg.com/@types/history/-/history-4.7.8.tgz#49348387983075705fe8f4e02fb67f7daaec4934"
  integrity sha512-S78QIYirQcUoo6UJZx9CSP0O2ix9IaeAXwQi26Rhr/+mg7qqPy8TzaxHSUut7eGjL8WmLccT7/MXf304WjqHcA==

jsdk@^0.0.14-Alpha:
  version "0.0.14-Alpha"
  resolved "https://registry.yarnpkg.com/jsdk/-/jsdk-0.0.14-Alpha.tgz#c9a08b417fb28b3dbc285cf951e0f5eac93c448a"
  integrity sha512-1zQBS0BcJuQVNvh2kygY+tjEiBi6nekXVWJ0Fb+Cjur61vuUXw+/RojKucjMgxFg1GBN6L7sXwe67xuo2pri6g==

mobx@^6.2.0:
  version "6.2.0"
  resolved "https://registry.yarnpkg.com/mobx/-/mobx-6.2.0.tgz#9a5afe3525a0302691c7805d0df6ef60834d79e5"
  integrity sha512-j5f16JIq2v4flvYCqaAB9tMtJt/y5efR2OO5Xy+w4/MBMeQ1WeGR0T8BtiNgmxM/OQzPFUKb5DTex9Y8a/yk+g==

typescript@^4.2.4:
  version "4.2.4"
  resolved "https://registry.yarnpkg.com/typescript/-/typescript-4.2.4.tgz#8610b59747de028fda898a8aef0e103f156d0961"
  integrity sha512-V+evlYHZnQkaz8TRBuxTA92yZBPotr5H+WhQ7bD3hZUndx5tGOa1fuCgeSjxAzM1RiN5IzvadIXTVefuuwZCRg==
